// !$*UTF8*$!
{
	archiveVersion = 1;
	classes = {
	};
	objectVersion = 77;
	objects = {

/* Begin PBXBuildFile section */
		1EE9494F300691CE004803F7 /* AppDelegate.swift in Sources */ = {isa = PBXBuildFile; fileRef = 1EE9494E300691CE004803F7 /* AppDelegate.swift */; };
		1EE94953300691CE004803F7 /* Main.html in Resources */ = {isa = PBXBuildFile; fileRef = 1EE94951300691CE004803F7 /* Main.html */; };
		1EE94955300691CE004803F7 /* Icon.png in Resources */ = {isa = PBXBuildFile; fileRef = 1EE94954300691CE004803F7 /* Icon.png */; };
		1EE94957300691CE004803F7 /* Style.css in Resources */ = {isa = PBXBuildFile; fileRef = 1EE94956300691CE004803F7 /* Style.css */; };
		1EE94959300691CE004803F7 /* Script.js in Resources */ = {isa = PBXBuildFile; fileRef = 1EE94958300691CE004803F7 /* Script.js */; };
		1EE9495B300691CE004803F7 /* ViewController.swift in Sources */ = {isa = PBXBuildFile; fileRef = 1EE9495A300691CE004803F7 /* ViewController.swift */; };
		1EE9495E300691CE004803F7 /* Main.storyboard in Resources */ = {isa = PBXBuildFile; fileRef = 1EE9495C300691CE004803F7 /* Main.storyboard */; };
		1EE94960300691CF004803F7 /* Assets.xcassets in Resources */ = {isa = PBXBuildFile; fileRef = 1EE9495F300691CF004803F7 /* Assets.xcassets */; };
		1EE94967300691CF004803F7 /* JesSee Extension.appex in Embed Foundation Extensions */ = {isa = PBXBuildFile; fileRef = 1EE94966300691CF004803F7 /* JesSee Extension.appex */; settings = {ATTRIBUTES = (RemoveHeadersOnCopy, ); }; };
		1EE9496C300691CF004803F7 /* SafariWebExtensionHandler.swift in Sources */ = {isa = PBXBuildFile; fileRef = 1EE9496B300691CF004803F7 /* SafariWebExtensionHandler.swift */; };
		1EE9497F300691CF004803F7 /* popup.html in Resources */ = {isa = PBXBuildFile; fileRef = 1EE94978300691CF004803F7 /* popup.html */; };
		1EE94980300691CF004803F7 /* icon.svg in Resources */ = {isa = PBXBuildFile; fileRef = 1EE94979300691CF004803F7 /* icon.svg */; };
		1EE94981300691CF004803F7 /* icons in Resources */ = {isa = PBXBuildFile; fileRef = 1EE9497A300691CF004803F7 /* icons */; };
		1EE94982300691CF004803F7 /* manifest.json in Resources */ = {isa = PBXBuildFile; fileRef = 1EE9497B300691CF004803F7 /* manifest.json */; };
		1EE94983300691CF004803F7 /* options.html in Resources */ = {isa = PBXBuildFile; fileRef = 1EE9497C300691CF004803F7 /* options.html */; };
		1EE94984300691CF004803F7 /* plan.html in Resources */ = {isa = PBXBuildFile; fileRef = 1EE9497D300691CF004803F7 /* plan.html */; };
		1EE94985300691CF004803F7 /* assets in Resources */ = {isa = PBXBuildFile; fileRef = 1EE9497E300691CF004803F7 /* assets */; };
/* End PBXBuildFile section */

/* Begin PBXContainerItemProxy section */
		1EE94968300691CF004803F7 /* PBXContainerItemProxy */ = {
			isa = PBXContainerItemProxy;
			containerPortal = 1EE94943300691CE004803F7 /* Project object */;
			proxyType = 1;
			remoteGlobalIDString = 1EE94965300691CF004803F7;
			remoteInfo = "JesSee Extension";
		};
/* End PBXContainerItemProxy section */

/* Begin PBXCopyFilesBuildPhase section */
		1EE94973300691CF004803F7 /* Embed Foundation Extensions */ = {
			isa = PBXCopyFilesBuildPhase;
			buildActionMask = 2147483647;
			dstPath = "";
			dstSubfolderSpec = 13;
			files = (
				1EE94967300691CF004803F7 /* JesSee Extension.appex in Embed Foundation Extensions */,
			);
			name = "Embed Foundation Extensions";
			runOnlyForDeploymentPostprocessing = 0;
		};
/* End PBXCopyFilesBuildPhase section */

/* Begin PBXFileReference section */
		1EE9494B300691CE004803F7 /* JesSee.app */ = {isa = PBXFileReference; explicitFileType = wrapper.application; includeInIndex = 0; path = JesSee.app; sourceTree = BUILT_PRODUCTS_DIR; };
		1EE9494E300691CE004803F7 /* AppDelegate.swift */ = {isa = PBXFileReference; lastKnownFileType = sourcecode.swift; path = AppDelegate.swift; sourceTree = "<group>"; };
		1EE94952300691CE004803F7 /* Base */ = {isa = PBXFileReference; lastKnownFileType = text.html; name = Base; path = Base.lproj/Main.html; sourceTree = "<group>"; };
		1EE94954300691CE004803F7 /* Icon.png */ = {isa = PBXFileReference; lastKnownFileType = image.png; path = Icon.png; sourceTree = "<group>"; };
		1EE94956300691CE004803F7 /* Style.css */ = {isa = PBXFileReference; lastKnownFileType = text.css; path = Style.css; sourceTree = "<group>"; };
		1EE94958300691CE004803F7 /* Script.js */ = {isa = PBXFileReference; lastKnownFileType = sourcecode.javascript; path = Script.js; sourceTree = "<group>"; };
		1EE9495A300691CE004803F7 /* ViewController.swift */ = {isa = PBXFileReference; lastKnownFileType = sourcecode.swift; path = ViewController.swift; sourceTree = "<group>"; };
		1EE9495D300691CE004803F7 /* Base */ = {isa = PBXFileReference; lastKnownFileType = file.storyboard; name = Base; path = Base.lproj/Main.storyboard; sourceTree = "<group>"; };
		1EE9495F300691CF004803F7 /* Assets.xcassets */ = {isa = PBXFileReference; lastKnownFileType = folder.assetcatalog; path = Assets.xcassets; sourceTree = "<group>"; };
		1EE94961300691CF004803F7 /* Info.plist */ = {isa = PBXFileReference; lastKnownFileType = text.plist.xml; path = Info.plist; sourceTree = "<group>"; };
		1EE94966300691CF004803F7 /* JesSee Extension.appex */ = {isa = PBXFileReference; explicitFileType = "wrapper.app-extension"; includeInIndex = 0; path = "JesSee Extension.appex"; sourceTree = BUILT_PRODUCTS_DIR; };
		1EE9496B300691CF004803F7 /* SafariWebExtensionHandler.swift */ = {isa = PBXFileReference; lastKnownFileType = sourcecode.swift; path = SafariWebExtensionHandler.swift; sourceTree = "<group>"; };
		1EE9496D300691CF004803F7 /* Info.plist */ = {isa = PBXFileReference; lastKnownFileType = text.plist.xml; path = Info.plist; sourceTree = "<group>"; };
		1EE94978300691CF004803F7 /* popup.html */ = {isa = PBXFileReference; lastKnownFileType = text.html; name = popup.html; path = Resources/popup.html; sourceTree = "<group>"; };
		1EE94979300691CF004803F7 /* icon.svg */ = {isa = PBXFileReference; lastKnownFileType = text; name = icon.svg; path = Resources/icon.svg; sourceTree = "<group>"; };
		1EE9497A300691CF004803F7 /* icons */ = {isa = PBXFileReference; lastKnownFileType = folder; name = icons; path = Resources/icons; sourceTree = "<group>"; };
		1EE9497B300691CF004803F7 /* manifest.json */ = {isa = PBXFileReference; lastKnownFileType = text.json; name = manifest.json; path = Resources/manifest.json; sourceTree = "<group>"; };
		1EE9497C300691CF004803F7 /* options.html */ = {isa = PBXFileReference; lastKnownFileType = text.html; name = options.html; path = Resources/options.html; sourceTree = "<group>"; };
		1EE9497D300691CF004803F7 /* plan.html */ = {isa = PBXFileReference; lastKnownFileType = text.html; name = plan.html; path = Resources/plan.html; sourceTree = "<group>"; };
		1EE9497E300691CF004803F7 /* assets */ = {isa = PBXFileReference; lastKnownFileType = folder; name = assets; path = Resources/assets; sourceTree = "<group>"; };
/* End PBXFileReference section */

/* Begin PBXFrameworksBuildPhase section */
		1EE94948300691CE004803F7 /* Frameworks */ = {
			isa = PBXFrameworksBuildPhase;
			buildActionMask = 2147483647;
			files = (
			);
			runOnlyForDeploymentPostprocessing = 0;
		};
		1EE94963300691CF004803F7 /* Frameworks */ = {
			isa = PBXFrameworksBuildPhase;
			buildActionMask = 2147483647;
			files = (
			);
			runOnlyForDeploymentPostprocessing = 0;
		};
/* End PBXFrameworksBuildPhase section */

/* Begin PBXGroup section */
		1EE94942300691CE004803F7 = {
			isa = PBXGroup;
			children = (
				1EE9494D300691CE004803F7 /* JesSee */,
				1EE9496A300691CF004803F7 /* JesSee Extension */,
				1EE9494C300691CE004803F7 /* Products */,
			);
			sourceTree = "<group>";
		};
		1EE9494C300691CE004803F7 /* Products */ = {
			isa = PBXGroup;
			children = (
				1EE9494B300691CE004803F7 /* JesSee.app */,
				1EE94966300691CF004803F7 /* JesSee Extension.appex */,
			);
			name = Products;
			sourceTree = "<group>";
		};
		1EE9494D300691CE004803F7 /* JesSee */ = {
			isa = PBXGroup;
			children = (
				1EE9494E300691CE004803F7 /* AppDelegate.swift */,
				1EE9495A300691CE004803F7 /* ViewController.swift */,
				1EE9495C300691CE004803F7 /* Main.storyboard */,
				1EE9495F300691CF004803F7 /* Assets.xcassets */,
				1EE94961300691CF004803F7 /* Info.plist */,
				1EE94950300691CE004803F7 /* Resources */,
			);
			path = JesSee;
			sourceTree = "<group>";
		};
		1EE94950300691CE004803F7 /* Resources */ = {
			isa = PBXGroup;
			children = (
				1EE94951300691CE004803F7 /* Main.html */,
				1EE94954300691CE004803F7 /* Icon.png */,
				1EE94956300691CE004803F7 /* Style.css */,
				1EE94958300691CE004803F7 /* Script.js */,
			);
			path = Resources;
			sourceTree = "<group>";
		};
		1EE9496A300691CF004803F7 /* JesSee Extension */ = {
			isa = PBXGroup;
			children = (
				1EE94977300691CF004803F7 /* Resources */,
				1EE9496B300691CF004803F7 /* SafariWebExtensionHandler.swift */,
				1EE9496D300691CF004803F7 /* Info.plist */,
			);
			path = "JesSee Extension";
			sourceTree = "<group>";
		};
		1EE94977300691CF004803F7 /* Resources */ = {
			isa = PBXGroup;
			children = (
				1EE94978300691CF004803F7 /* popup.html */,
				1EE94979300691CF004803F7 /* icon.svg */,
				1EE9497A300691CF004803F7 /* icons */,
				1EE9497B300691CF004803F7 /* manifest.json */,
				1EE9497C300691CF004803F7 /* options.html */,
				1EE9497D300691CF004803F7 /* plan.html */,
				1EE9497E300691CF004803F7 /* assets */,
			);
			name = Resources;
			path = "JesSee Extension";
			sourceTree = SOURCE_ROOT;
		};
/* End PBXGroup section */

/* Begin PBXNativeTarget section */
		1EE9494A300691CE004803F7 /* JesSee */ = {
			isa = PBXNativeTarget;
			buildConfigurationList = 1EE94974300691CF004803F7 /* Build configuration list for PBXNativeTarget "JesSee" */;
			buildPhases = (
				1EE94947300691CE004803F7 /* Sources */,
				1EE94948300691CE004803F7 /* Frameworks */,
				1EE94949300691CE004803F7 /* Resources */,
				1EE94973300691CF004803F7 /* Embed Foundation Extensions */,
			);
			buildRules = (
			);
			dependencies = (
				1EE94969300691CF004803F7 /* PBXTargetDependency */,
			);
			name = JesSee;
			packageProductDependencies = (
			);
			productName = JesSee;
			productReference = 1EE9494B300691CE004803F7 /* JesSee.app */;
			productType = "com.apple.product-type.application";
		};
		1EE94965300691CF004803F7 /* JesSee Extension */ = {
			isa = PBXNativeTarget;
			buildConfigurationList = 1EE94970300691CF004803F7 /* Build configuration list for PBXNativeTarget "JesSee Extension" */;
			buildPhases = (
				1EE94962300691CF004803F7 /* Sources */,
				1EE94963300691CF004803F7 /* Frameworks */,
				1EE94964300691CF004803F7 /* Resources */,
			);
			buildRules = (
			);
			dependencies = (
			);
			name = "JesSee Extension";
			packageProductDependencies = (
			);
			productName = "JesSee Extension";
			productReference = 1EE94966300691CF004803F7 /* JesSee Extension.appex */;
			productType = "com.apple.product-type.app-extension";
		};
/* End PBXNativeTarget section */

/* Begin PBXProject section */
		1EE94943300691CE004803F7 /* Project object */ = {
			isa = PBXProject;
			attributes = {
				BuildIndependentTargetsInParallel = 1;
				LastSwiftUpdateCheck = 2660;
				LastUpgradeCheck = 2660;
				TargetAttributes = {
					1EE9494A300691CE004803F7 = {
						CreatedOnToolsVersion = 26.6;
					};
					1EE94965300691CF004803F7 = {
						CreatedOnToolsVersion = 26.6;
					};
				};
			};
			buildConfigurationList = 1EE94946300691CE004803F7 /* Build configuration list for PBXProject "JesSee" */;
			developmentRegion = en;
			hasScannedForEncodings = 0;
			knownRegions = (
				en,
				Base,
			);
			mainGroup = 1EE94942300691CE004803F7;
			minimizedProjectReferenceProxies = 1;
			preferredProjectObjectVersion = 77;
			productRefGroup = 1EE9494C300691CE004803F7 /* Products */;
			projectDirPath = "";
			projectRoot = "";
			targets = (
				1EE9494A300691CE004803F7 /* JesSee */,
				1EE94965300691CF004803F7 /* JesSee Extension */,
			);
		};
/* End PBXProject section */

/* Begin PBXResourcesBuildPhase section */
		1EE94949300691CE004803F7 /* Resources */ = {
			isa = PBXResourcesBuildPhase;
			buildActionMask = 2147483647;
			files = (
				1EE94955300691CE004803F7 /* Icon.png in Resources */,
				1EE9495E300691CE004803F7 /* Main.storyboard in Resources */,
				1EE94959300691CE004803F7 /* Script.js in Resources */,
				1EE94953300691CE004803F7 /* Main.html in Resources */,
				1EE94960300691CF004803F7 /* Assets.xcassets in Resources */,
				1EE94957300691CE004803F7 /* Style.css in Resources */,
			);
			runOnlyForDeploymentPostprocessing = 0;
		};
		1EE94964300691CF004803F7 /* Resources */ = {
			isa = PBXResourcesBuildPhase;
			buildActionMask = 2147483647;
			files = (
				1EE94982300691CF004803F7 /* manifest.json in Resources */,
				1EE94981300691CF004803F7 /* icons in Resources */,
				1EE94985300691CF004803F7 /* assets in Resources */,
				1EE94983300691CF004803F7 /* options.html in Resources */,
				1EE9497F300691CF004803F7 /* popup.html in Resources */,
				1EE94980300691CF004803F7 /* icon.svg in Resources */,
				1EE94984300691CF004803F7 /* plan.html in Resources */,
			);
			runOnlyForDeploymentPostprocessing = 0;
		};
/* End PBXResourcesBuildPhase section */

/* Begin PBXSourcesBuildPhase section */
		1EE94947300691CE004803F7 /* Sources */ = {
			isa = PBXSourcesBuildPhase;
			buildActionMask = 2147483647;
			files = (
				1EE9495B300691CE004803F7 /* ViewController.swift in Sources */,
				1EE9494F300691CE004803F7 /* AppDelegate.swift in Sources */,
			);
			runOnlyForDeploymentPostprocessing = 0;
		};
		1EE94962300691CF004803F7 /* Sources */ = {
			isa = PBXSourcesBuildPhase;
			buildActionMask = 2147483647;
			files = (
				1EE9496C300691CF004803F7 /* SafariWebExtensionHandler.swift in Sources */,
			);
			runOnlyForDeploymentPostprocessing = 0;
		};
/* End PBXSourcesBuildPhase section */

/* Begin PBXTargetDependency section */
		1EE94969300691CF004803F7 /* PBXTargetDependency */ = {
			isa = PBXTargetDependency;
			target = 1EE94965300691CF004803F7 /* JesSee Extension */;
			targetProxy = 1EE94968300691CF004803F7 /* PBXContainerItemProxy */;
		};
/* End PBXTargetDependency section */

/* Begin PBXVariantGroup section */
		1EE94951300691CE004803F7 /* Main.html */ = {
			isa = PBXVariantGroup;
			children = (
				1EE94952300691CE004803F7 /* Base */,
			);
			name = Main.html;
			sourceTree = "<group>";
		};
		1EE9495C300691CE004803F7 /* Main.storyboard */ = {
			isa = PBXVariantGroup;
			children = (
				1EE9495D300691CE004803F7 /* Base */,
			);
			name = Main.storyboard;
			sourceTree = "<group>";
		};
/* End PBXVariantGroup section */

/* Begin XCBuildConfiguration section */
		1EE9496E300691CF004803F7 /* Debug */ = {
			isa = XCBuildConfiguration;
			buildSettings = {
				ALWAYS_SEARCH_USER_PATHS = NO;
				ASSETCATALOG_COMPILER_GENERATE_SWIFT_ASSET_SYMBOL_EXTENSIONS = YES;
				CLANG_ANALYZER_NONNULL = YES;
				CLANG_ANALYZER_NUMBER_OBJECT_CONVERSION = YES_AGGRESSIVE;
				CLANG_CXX_LANGUAGE_STANDARD = "gnu++20";
				CLANG_ENABLE_MODULES = YES;
				CLANG_ENABLE_OBJC_ARC = YES;
				CLANG_ENABLE_OBJC_WEAK = YES;
				CLANG_WARN_BLOCK_CAPTURE_AUTORELEASING = YES;
				CLANG_WARN_BOOL_CONVERSION = YES;
				CLANG_WARN_COMMA = YES;
				CLANG_WARN_CONSTANT_CONVERSION = YES;
				CLANG_WARN_DEPRECATED_OBJC_IMPLEMENTATIONS = YES;
				CLANG_WARN_DIRECT_OBJC_ISA_USAGE = YES_ERROR;
				CLANG_WARN_DOCUMENTATION_COMMENTS = YES;
				CLANG_WARN_EMPTY_BODY = YES;
				CLANG_WARN_ENUM_CONVERSION = YES;
				CLANG_WARN_INFINITE_RECURSION = YES;
				CLANG_WARN_INT_CONVERSION = YES;
				CLANG_WARN_NON_LITERAL_NULL_CONVERSION = YES;
				CLANG_WARN_OBJC_IMPLICIT_RETAIN_SELF = YES;
				CLANG_WARN_OBJC_LITERAL_CONVERSION = YES;
				CLANG_WARN_OBJC_ROOT_CLASS = YES_ERROR;
				CLANG_WARN_QUOTED_INCLUDE_IN_FRAMEWORK_HEADER = YES;
				CLANG_WARN_RANGE_LOOP_ANALYSIS = YES;
				CLANG_WARN_STRICT_PROTOTYPES = YES;
				CLANG_WARN_SUSPICIOUS_MOVE = YES;
				CLANG_WARN_UNGUARDED_AVAILABILITY = YES_AGGRESSIVE;
				CLANG_WARN_UNREACHABLE_CODE = YES;
				CLANG_WARN__DUPLICATE_METHOD_MATCH = YES;
				COPY_PHASE_STRIP = NO;
				DEBUG_INFORMATION_FORMAT = dwarf;
				ENABLE_STRICT_OBJC_MSGSEND = YES;
				ENABLE_TESTABILITY = YES;
				ENABLE_USER_SCRIPT_SANDBOXING = YES;
				GCC_C_LANGUAGE_STANDARD = gnu17;
				GCC_DYNAMIC_NO_PIC = NO;
				GCC_NO_COMMON_BLOCKS = YES;
				GCC_OPTIMIZATION_LEVEL = 0;
				GCC_PREPROCESSOR_DEFINITIONS = (
					"DEBUG=1",
					"$(inherited)",
				);
				GCC_WARN_64_TO_32_BIT_CONVERSION = YES;
				GCC_WARN_ABOUT_RETURN_TYPE = YES_ERROR;
				GCC_WARN_UNDECLARED_SELECTOR = YES;
				GCC_WARN_UNINITIALIZED_AUTOS = YES_AGGRESSIVE;
				GCC_WARN_UNUSED_FUNCTION = YES;
				GCC_WARN_UNUSED_VARIABLE = YES;
				LOCALIZATION_PREFERS_STRING_CATALOGS = YES;
				MACOSX_DEPLOYMENT_TARGET = 13.0;
				MTL_ENABLE_DEBUG_INFO = INCLUDE_SOURCE;
				MTL_FAST_MATH = YES;
				ONLY_ACTIVE_ARCH = YES;
				SDKROOT = macosx;
				SWIFT_ACTIVE_COMPILATION_CONDITIONS = "DEBUG $(inherited)";
				SWIFT_OPTIMIZATION_LEVEL = "-Onone";
			};
			name = Debug;
		};
		1EE9496F300691CF004803F7 /* Release */ = {
			isa = XCBuildConfiguration;
			buildSettings = {
				ALWAYS_SEARCH_USER_PATHS = NO;
				ASSETCATALOG_COMPILER_GENERATE_SWIFT_ASSET_SYMBOL_EXTENSIONS = YES;
				CLANG_ANALYZER_NONNULL = YES;
				CLANG_ANALYZER_NUMBER_OBJECT_CONVERSION = YES_AGGRESSIVE;
				CLANG_CXX_LANGUAGE_STANDARD = "gnu++20";
				CLANG_ENABLE_MODULES = YES;
				CLANG_ENABLE_OBJC_ARC = YES;
				CLANG_ENABLE_OBJC_WEAK = YES;
				CLANG_WARN_BLOCK_CAPTURE_AUTORELEASING = YES;
				CLANG_WARN_BOOL_CONVERSION = YES;
				CLANG_WARN_COMMA = YES;
				CLANG_WARN_CONSTANT_CONVERSION = YES;
				CLANG_WARN_DEPRECATED_OBJC_IMPLEMENTATIONS = YES;
				CLANG_WARN_DIRECT_OBJC_ISA_USAGE = YES_ERROR;
				CLANG_WARN_DOCUMENTATION_COMMENTS = YES;
				CLANG_WARN_EMPTY_BODY = YES;
				CLANG_WARN_ENUM_CONVERSION = YES;
				CLANG_WARN_INFINITE_RECURSION = YES;
				CLANG_WARN_INT_CONVERSION = YES;
				CLANG_WARN_NON_LITERAL_NULL_CONVERSION = YES;
				CLANG_WARN_OBJC_IMPLICIT_RETAIN_SELF = YES;
				CLANG_WARN_OBJC_LITERAL_CONVERSION = YES;
				CLANG_WARN_OBJC_ROOT_CLASS = YES_ERROR;
				CLANG_WARN_QUOTED_INCLUDE_IN_FRAMEWORK_HEADER = YES;
				CLANG_WARN_RANGE_LOOP_ANALYSIS = YES;
				CLANG_WARN_STRICT_PROTOTYPES = YES;
				CLANG_WARN_SUSPICIOUS_MOVE = YES;
				CLANG_WARN_UNGUARDED_AVAILABILITY = YES_AGGRESSIVE;
				CLANG_WARN_UNREACHABLE_CODE = YES;
				CLANG_WARN__DUPLICATE_METHOD_MATCH = YES;
				COPY_PHASE_STRIP = NO;
				DEBUG_INFORMATION_FORMAT = "dwarf-with-dsym";
				ENABLE_NS_ASSERTIONS = NO;
				ENABLE_STRICT_OBJC_MSGSEND = YES;
				ENABLE_USER_SCRIPT_SANDBOXING = YES;
				GCC_C_LANGUAGE_STANDARD = gnu17;
				GCC_NO_COMMON_BLOCKS = YES;
				GCC_WARN_64_TO_32_BIT_CONVERSION = YES;
				GCC_WARN_ABOUT_RETURN_TYPE = YES_ERROR;
				GCC_WARN_UNDECLARED_SELECTOR = YES;
				GCC_WARN_UNINITIALIZED_AUTOS = YES_AGGRESSIVE;
				GCC_WARN_UNUSED_FUNCTION = YES;
				GCC_WARN_UNUSED_VARIABLE = YES;
				LOCALIZATION_PREFERS_STRING_CATALOGS = YES;
				MACOSX_DEPLOYMENT_TARGET = 13.0;
				MTL_ENABLE_DEBUG_INFO = NO;
				MTL_FAST_MATH = YES;
				SDKROOT = macosx;
				SWIFT_COMPILATION_MODE = wholemodule;
			};
			name = Release;
		};
		1EE94971300691CF004803F7 /* Debug */ = {
			isa = XCBuildConfiguration;
			buildSettings = {
				CODE_SIGN_STYLE = Automatic;
				CURRENT_PROJECT_VERSION = 1;
				ENABLE_APP_SANDBOX = YES;
				ENABLE_HARDENED_RUNTIME = YES;
				ENABLE_USER_SELECTED_FILES = readonly;
				GENERATE_INFOPLIST_FILE = YES;
				INFOPLIST_FILE = "JesSee Extension/Info.plist";
				INFOPLIST_KEY_CFBundleDisplayName = "JesSee Extension";
				INFOPLIST_KEY_NSHumanReadableCopyright = "";
				LD_RUNPATH_SEARCH_PATHS = (
					"$(inherited)",
					"@executable_path/../Frameworks",
					"@executable_path/../../../../Frameworks",
				);
				MACOSX_DEPLOYMENT_TARGET = 10.14;
				MARKETING_VERSION = 1.0;
				OTHER_LDFLAGS = (
					"-framework",
					SafariServices,
				);
				PRODUCT_BUNDLE_IDENTIFIER = ai.polyform.jessee.Extension;
				PRODUCT_NAME = "$(TARGET_NAME)";
				SKIP_INSTALL = YES;
				STRING_CATALOG_GENERATE_SYMBOLS = YES;
				SWIFT_APPROACHABLE_CONCURRENCY = YES;
				SWIFT_EMIT_LOC_STRINGS = YES;
				SWIFT_UPCOMING_FEATURE_MEMBER_IMPORT_VISIBILITY = YES;
				SWIFT_VERSION = 5.0;
			};
			name = Debug;
		};
		1EE94972300691CF004803F7 /* Release */ = {
			isa = XCBuildConfiguration;
			buildSettings = {
				CODE_SIGN_STYLE = Automatic;
				CURRENT_PROJECT_VERSION = 1;
				ENABLE_APP_SANDBOX = YES;
				ENABLE_HARDENED_RUNTIME = YES;
				ENABLE_USER_SELECTED_FILES = readonly;
				GENERATE_INFOPLIST_FILE = YES;
				INFOPLIST_FILE = "JesSee Extension/Info.plist";
				INFOPLIST_KEY_CFBundleDisplayName = "JesSee Extension";
				INFOPLIST_KEY_NSHumanReadableCopyright = "";
				LD_RUNPATH_SEARCH_PATHS = (
					"$(inherited)",
					"@executable_path/../Frameworks",
					"@executable_path/../../../../Frameworks",
				);
				MACOSX_DEPLOYMENT_TARGET = 10.14;
				MARKETING_VERSION = 1.0;
				OTHER_LDFLAGS = (
					"-framework",
					SafariServices,
				);
				PRODUCT_BUNDLE_IDENTIFIER = ai.polyform.jessee.Extension;
				PRODUCT_NAME = "$(TARGET_NAME)";
				SKIP_INSTALL = YES;
				STRING_CATALOG_GENERATE_SYMBOLS = YES;
				SWIFT_APPROACHABLE_CONCURRENCY = YES;
				SWIFT_EMIT_LOC_STRINGS = YES;
				SWIFT_UPCOMING_FEATURE_MEMBER_IMPORT_VISIBILITY = YES;
				SWIFT_VERSION = 5.0;
			};
			name = Release;
		};
		1EE94975300691CF004803F7 /* Debug */ = {
			isa = XCBuildConfiguration;
			buildSettings = {
				ASSETCATALOG_COMPILER_APPICON_NAME = AppIcon;
				ASSETCATALOG_COMPILER_GLOBAL_ACCENT_COLOR_NAME = AccentColor;
				CODE_SIGN_STYLE = Automatic;
				COMBINE_HIDPI_IMAGES = YES;
				CURRENT_PROJECT_VERSION = 1;
				ENABLE_APP_SANDBOX = YES;
				ENABLE_HARDENED_RUNTIME = YES;
				ENABLE_OUTGOING_NETWORK_CONNECTIONS = YES;
				ENABLE_USER_SELECTED_FILES = readonly;
				GENERATE_INFOPLIST_FILE = YES;
				INFOPLIST_FILE = JesSee/Info.plist;
				INFOPLIST_KEY_CFBundleDisplayName = JesSee;
				INFOPLIST_KEY_NSHumanReadableCopyright = "";
				INFOPLIST_KEY_NSMainStoryboardFile = Main;
				INFOPLIST_KEY_NSPrincipalClass = NSApplication;
				LD_RUNPATH_SEARCH_PATHS = (
					"$(inherited)",
					"@executable_path/../Frameworks",
				);
				MARKETING_VERSION = 1.0;
				OTHER_LDFLAGS = (
					"-framework",
					SafariServices,
					"-framework",
					WebKit,
				);
				PRODUCT_BUNDLE_IDENTIFIER = ai.polyform.jessee;
				PRODUCT_NAME = "$(TARGET_NAME)";
				REGISTER_APP_GROUPS = YES;
				STRING_CATALOG_GENERATE_SYMBOLS = YES;
				SWIFT_APPROACHABLE_CONCURRENCY = YES;
				SWIFT_DEFAULT_ACTOR_ISOLATION = MainActor;
				SWIFT_EMIT_LOC_STRINGS = YES;
				SWIFT_UPCOMING_FEATURE_MEMBER_IMPORT_VISIBILITY = YES;
				SWIFT_VERSION = 5.0;
			};
			name = Debug;
		};
		1EE94976300691CF004803F7 /* Release */ = {
			isa = XCBuildConfiguration;
			buildSettings = {
				ASSETCATALOG_COMPILER_APPICON_NAME = AppIcon;
				ASSETCATALOG_COMPILER_GLOBAL_ACCENT_COLOR_NAME = AccentColor;
				CODE_SIGN_STYLE = Automatic;
				COMBINE_HIDPI_IMAGES = YES;
				CURRENT_PROJECT_VERSION = 1;
				ENABLE_APP_SANDBOX = YES;
				ENABLE_HARDENED_RUNTIME = YES;
				ENABLE_OUTGOING_NETWORK_CONNECTIONS = YES;
				ENABLE_USER_SELECTED_FILES = readonly;
				GENERATE_INFOPLIST_FILE = YES;
				INFOPLIST_FILE = JesSee/Info.plist;
				INFOPLIST_KEY_CFBundleDisplayName = JesSee;
				INFOPLIST_KEY_NSHumanReadableCopyright = "";
				INFOPLIST_KEY_NSMainStoryboardFile = Main;
				INFOPLIST_KEY_NSPrincipalClass = NSApplication;
				LD_RUNPATH_SEARCH_PATHS = (
					"$(inherited)",
					"@executable_path/../Frameworks",
				);
				MARKETING_VERSION = 1.0;
				OTHER_LDFLAGS = (
					"-framework",
					SafariServices,
					"-framework",
					WebKit,
				);
				PRODUCT_BUNDLE_IDENTIFIER = ai.polyform.jessee;
				PRODUCT_NAME = "$(TARGET_NAME)";
				REGISTER_APP_GROUPS = YES;
				STRING_CATALOG_GENERATE_SYMBOLS = YES;
				SWIFT_APPROACHABLE_CONCURRENCY = YES;
				SWIFT_DEFAULT_ACTOR_ISOLATION = MainActor;
				SWIFT_EMIT_LOC_STRINGS = YES;
				SWIFT_UPCOMING_FEATURE_MEMBER_IMPORT_VISIBILITY = YES;
				SWIFT_VERSION = 5.0;
			};
			name = Release;
		};
/* End XCBuildConfiguration section */

/* Begin XCConfigurationList section */
		1EE94946300691CE004803F7 /* Build configuration list for PBXProject "JesSee" */ = {
			isa = XCConfigurationList;
			buildConfigurations = (
				1EE9496E300691CF004803F7 /* Debug */,
				1EE9496F300691CF004803F7 /* Release */,
			);
			defaultConfigurationIsVisible = 0;
			defaultConfigurationName = Release;
		};
		1EE94970300691CF004803F7 /* Build configuration list for PBXNativeTarget "JesSee Extension" */ = {
			isa = XCConfigurationList;
			buildConfigurations = (
				1EE94971300691CF004803F7 /* Debug */,
				1EE94972300691CF004803F7 /* Release */,
			);
			defaultConfigurationIsVisible = 0;
			defaultConfigurationName = Release;
		};
		1EE94974300691CF004803F7 /* Build configuration list for PBXNativeTarget "JesSee" */ = {
			isa = XCConfigurationList;
			buildConfigurations = (
				1EE94975300691CF004803F7 /* Debug */,
				1EE94976300691CF004803F7 /* Release */,
			);
			defaultConfigurationIsVisible = 0;
			defaultConfigurationName = Release;
		};
/* End XCConfigurationList section */
	};
	rootObject = 1EE94943300691CE004803F7 /* Project object */;
}
